<?xml version="1.0" encoding="utf-8"?>
<Project ToolsVersion="4.0" xmlns="http://schemas.microsoft.com/developer/msbuild/2003">
  <ItemGroup>
    <Filter Include="소스 파일">
      <UniqueIdentifier>{4FC737F1-C7A5-4376-A066-2A32D752A2FF}</UniqueIdentifier>
      <Extensions>cpp;c;cc;cxx;c++;cppm;ixx;def;odl;idl;hpj;bat;asm;asmx</Extensions>
    </Filter>
    <Filter Include="헤더 파일">
      <UniqueIdentifier>{93995380-89BD-4b04-88EB-625FBE52EBFB}</UniqueIdentifier>
      <Extensions>h;hh;hpp;hxx;h++;hm;inl;inc;ipp;xsd</Extensions>
    </Filter>
    <Filter Include="리소스 파일">
      <UniqueIdentifier>{67DA6AB6-F800-4c08-8B7A-83BB121AAD01}</UniqueIdentifier>
      <Extensions>rc;ico;cur;bmp;dlg;rc2;rct;bin;rgs;gif;jpg;jpeg;jpe;resx;tiff;tif;png;wav;mfcribbon-ms</Extensions>
    </Filter>
    <Filter Include="Shader">
      <UniqueIdentifier>{a587b6fe-a1e9-427b-8519-14202129fefd}</UniqueIdentifier>
    </Filter>
    <Filter Include="헤더 파일\Input">
      <UniqueIdentifier>{08813a7f-4053-4736-a3ba-062128ab89c2}</UniqueIdentifier>
    </Filter>
    <Filter Include="헤더 파일\Game">
      <UniqueIdentifier>{ebaafaa0-23bf-4422-983f-a6507458a0ce}</UniqueIdentifier>
    </Filter>
    <Filter Include="소스 파일\Input">
      <UniqueIdentifier>{bba15034-1e4c-4199-8aeb-61010a57b622}</UniqueIdentifier>
    </Filter>
    <Filter Include="소스 파일\Game">
      <UniqueIdentifier>{3466a964-2598-4899-b87b-ecc546f0303b}</UniqueIdentifier>
    </Filter>
    <Filter Include="소스 파일\Scene">
      <UniqueIdentifier>{5d046264-a1b2-44cc-9639-bbd0b6131d11}</UniqueIdentifier>
    </Filter>
    <Filter Include="헤더 파일\Scene">
      <UniqueIdentifier>{db70422e-6309-46d0-a893-5d02f060ce0c}</UniqueIdentifier>
    </Filter>
    <Filter Include="소스 파일\UI">
      <UniqueIdentifier>{19c9a8ba-55b9-4a51-926f-85cc2e05e0a7}</UniqueIdentifier>
    </Filter>
    <Filter Include="헤더 파일\UI">
      <UniqueIdentifier>{d35ad93a-2c39-4e2f-a762-f54776684f84}</UniqueIdentifier>
    </Filter>
  </ItemGroup>
  <ItemGroup>
    <ClCompile Include="main.cpp">
      <Filter>소스 파일</Filter>
    </ClCompile>
    <ClCompile Include="direct3d.cpp">
      <Filter>소스 파일</Filter>
    </ClCompile>
    <ClCompile Include="shader.cpp">
      <Filter>소스 파일</Filter>
    </ClCompile>
    <ClCompile Include="polygon.cpp">
      <Filter>소스 파일</Filter>
    </ClCompile>
    <ClCompile Include="procedural_map.cpp">
      <Filter>소스 파일\Game</Filter>
    </ClCompile>
    <ClCompile Include="WICTextureLoader11.cpp">
      <Filter>소스 파일</Filter>
    </ClCompile>
    <ClCompile Include="texture.cpp">
      <Filter>소스 파일</Filter>
    </ClCompile>
    <ClCompile Include="sprite.cpp">
      <Filter>소스 파일</Filter>
    </ClCompile>
    <ClCompile Include="sprite_instanced.cpp">
      <Filter>소스 파일</Filter>
    </ClCompile>
    <ClCompile Include="sprite_lighting.cpp">
      <Filter>소스 파일</Filter>
    </ClCompile>
    <ClCompile Include="application.cpp">
      <Filter>소스 파일</Filter>
    </ClCompile>
    <ClCompile Include="system_timer.cpp">
      <Filter>소스 파일</Filter>
    </ClCompile>
    <ClCompile Include="debug_text.cpp">
      <Filter>소스 파일</Filter>
    </ClCompile>
    <ClCompile Include="keyboard.cpp">
      <Filter>소스 파일\Input</Filter>
    </ClCompile>
    <ClCompile Include="mouse.cpp">
      <Filter>소스 파일\Input</Filter>
    </ClCompile>
    <ClCompile Include="input_xinput.cpp">
      <Filter>소스 파일\Input</Filter>
    </ClCompile>
    <ClCompile Include="input_mouse.cpp">
      <Filter>소스 파일\Input</Filter>
    </ClCompile>
    <ClCompile Include="input_keyboard.cpp">
      <Filter>소스 파일\Input</Filter>
    </ClCompile>
    <ClCompile Include="game.cpp">
      <Filter>소스 파일\Game</Filter>
    </ClCompile>
	<ClCompile Include="game_data_manager.cpp">
	  <Filter>소스 파일\Game</Filter>
	</ClCompile>
	<ClCompile Include="map_data.cpp">
	  <Filter>소스 파일\Game</Filter>
	</ClCompile>
	<ClCompile Include="player_level_game_data.cpp">
	  <Filter>소스 파일\Game</Filter>
	</ClCompile>
	<ClCompile Include="weapon_data.cpp">
	  <Filter>소스 파일\Game</Filter>
	</ClCompile>
    <ClCompile Include="game_player.cpp">
      <Filter>소스 파일\Game</Filter>
    </ClCompile>
    <ClCompile Include="game_bullet.cpp">
      <Filter>소스 파일\Game</Filter>
    </ClCompile>
	<ClCompile Include="boss_intro_presentation.cpp">
	  <Filter>소스 파일\Game</Filter>
	</ClCompile>
	<ClCompile Include="ingame_hud.cpp">
	  <Filter>소스 파일\UI</Filter>
	</ClCompile>
	<ClCompile Include="ingame_menu_controller.cpp">
	  <Filter>소스 파일\UI</Filter>
	</ClCompile>
	<ClCompile Include="scene_factory.cpp">
	  <Filter>소스 파일\Scene</Filter>
	</ClCompile>
	<ClCompile Include="weapon_audio.cpp">
	  <Filter>소스 파일\Game</Filter>
	</ClCompile>
	<ClCompile Include="weapon_fire_controller.cpp">
	  <Filter>소스 파일\Game</Filter>
	</ClCompile>
	<ClCompile Include="weapon_inventory.cpp">
	  <Filter>소스 파일\Game</Filter>
	</ClCompile>
	<ClCompile Include="weapon_multishot_scheduler.cpp">
	  <Filter>소스 파일\Game</Filter>
	</ClCompile>
	<ClCompile Include="weapon_upgrade_state.cpp">
	  <Filter>소스 파일\Game</Filter>
	</ClCompile>
	<ClCompile Include="weapon_fire_strategy.cpp">
	  <Filter>소스 파일\Game</Filter>
	</ClCompile>
	<ClCompile Include="weapon_magic_blade.cpp">
	  <Filter>소스 파일\Game</Filter>
	</ClCompile>
	<ClCompile Include="weapon_projectile_factory.cpp">
	  <Filter>소스 파일\Game</Filter>
	</ClCompile>
	<ClCompile Include="weapon_shotgun.cpp">
	  <Filter>소스 파일\Game</Filter>
	</ClCompile>
	<ClCompile Include="weapon_strategy_factory.cpp">
	  <Filter>소스 파일\Game</Filter>
	</ClCompile>
	<ClCompile Include="weapon_strategy_registry.cpp">
	  <Filter>소스 파일\Game</Filter>
	</ClCompile>
    <ClCompile Include="game_damage_text.cpp">
      <Filter>소스 파일\Game</Filter>
    </ClCompile>
    <ClCompile Include="enemy.cpp">
      <Filter>소스 파일\Game</Filter>
    </ClCompile>
	<ClCompile Include="enemy_attack_pattern.cpp">
	  <Filter>소스 파일\Game</Filter>
	</ClCompile>
    <ClCompile Include="effect.cpp">
      <Filter>소스 파일\Game</Filter>
    </ClCompile>
    <ClCompile Include="game_effect.cpp">
      <Filter>소스 파일\Game</Filter>
    </ClCompile>
    <ClCompile Include="game_enemy.cpp">
      <Filter>소스 파일\Game</Filter>
    </ClCompile>
	<ClCompile Include="monster_data.cpp">
	  <Filter>소스 파일\Game</Filter>
	</ClCompile>
	<ClCompile Include="game_experience_gem.cpp">
	  <Filter>소스 파일\Game</Filter>
	</ClCompile>
	<ClCompile Include="game_healing_item.cpp">
	  <Filter>소스 파일\Game</Filter>
	</ClCompile>
	<ClCompile Include="game_over_scene.cpp">
	  <Filter>소스 파일\Scene</Filter>
	</ClCompile>
    <ClCompile Include="camera.cpp">
      <Filter>소스 파일\Game</Filter>
    </ClCompile>
    <ClCompile Include="chain_lightning.cpp">
      <Filter>소스 파일\Game</Filter>
    </ClCompile>
	<ClCompile Include="chest.cpp">
	  <Filter>소스 파일\Game</Filter>
	</ClCompile>
	<ClCompile Include="round_portal.cpp">
	  <Filter>소스 파일\Game</Filter>
	</ClCompile>
    <ClCompile Include="collision.cpp">
      <Filter>소스 파일\Game</Filter>
    </ClCompile>
    <ClCompile Include="projectile.cpp">
      <Filter>소스 파일\Game</Filter>
    </ClCompile>
    <ClCompile Include="scene_manager.cpp">
      <Filter>소스 파일\Game</Filter>
    </ClCompile>
    <ClCompile Include="trail.cpp">
      <Filter>소스 파일\Game</Filter>
    </ClCompile>
    <ClCompile Include="Audio.cpp">
      <Filter>소스 파일</Filter>
    </ClCompile>
	<ClCompile Include="blood.cpp">
	  <Filter>소스 파일\Game</Filter>
	</ClCompile>
	<ClCompile Include="slime_goo.cpp">
	  <Filter>소스 파일\Game</Filter>
	</ClCompile>
    <ClCompile Include="title_scene.cpp">
      <Filter>소스 파일\Scene</Filter>
    </ClCompile>
    <ClCompile Include="ingame_scene.cpp">
      <Filter>소스 파일\Scene</Filter>
    </ClCompile>
    <ClCompile Include="clear_scene.cpp">
      <Filter>소스 파일\Scene</Filter>
    </ClCompile>
    <ClCompile Include="button.cpp">
      <Filter>소스 파일\UI</Filter>
    </ClCompile>
    <ClCompile Include="time_stop_effect.cpp">
      <Filter>소스 파일\Game</Filter>
    </ClCompile>
  </ItemGroup>
  <ItemGroup>
    <ClInclude Include="debug_ostream.h">
      <Filter>헤더 파일</Filter>
    </ClInclude>
    <ClInclude Include="config.h">
      <Filter>헤더 파일</Filter>
    </ClInclude>
    <ClInclude Include="direct3d.h">
      <Filter>헤더 파일</Filter>
    </ClInclude>
    <ClInclude Include="shader.h">
      <Filter>헤더 파일</Filter>
    </ClInclude>
    <ClInclude Include="polygon.h">
      <Filter>헤더 파일</Filter>
    </ClInclude>
    <ClInclude Include="procedural_map.h">
      <Filter>헤더 파일\Game</Filter>
    </ClInclude>
    <ClInclude Include="WICTextureLoader11.h">
      <Filter>헤더 파일</Filter>
    </ClInclude>
    <ClInclude Include="texture.h">
      <Filter>헤더 파일</Filter>
    </ClInclude>
    <ClInclude Include="sprite.h">
      <Filter>헤더 파일</Filter>
    </ClInclude>
    <ClInclude Include="sprite_instanced.h">
      <Filter>헤더 파일</Filter>
    </ClInclude>
    <ClInclude Include="sprite_lighting.h">
      <Filter>헤더 파일</Filter>
    </ClInclude>
    <ClInclude Include="application.h">
      <Filter>헤더 파일</Filter>
    </ClInclude>
    <ClInclude Include="system_timer.h">
      <Filter>헤더 파일</Filter>
    </ClInclude>
    <ClInclude Include="debug_text.h">
      <Filter>헤더 파일</Filter>
    </ClInclude>
    <ClInclude Include="mouse.h">
      <Filter>헤더 파일\Input</Filter>
    </ClInclude>
    <ClInclude Include="input_keyboard.h">
      <Filter>헤더 파일\Input</Filter>
    </ClInclude>
    <ClInclude Include="input_mouse.h">
      <Filter>헤더 파일\Input</Filter>
    </ClInclude>
    <ClInclude Include="input_xinput.h">
      <Filter>헤더 파일\Input</Filter>
    </ClInclude>
	<ClInclude Include="interactable.h">
	  <Filter>헤더 파일\Game</Filter>
	</ClInclude>
    <ClInclude Include="keyboard.h">
      <Filter>헤더 파일\Input</Filter>
    </ClInclude>
    <ClInclude Include="game_player.h">
      <Filter>헤더 파일\Game</Filter>
    </ClInclude>
    <ClInclude Include="game.h">
      <Filter>헤더 파일\Game</Filter>
    </ClInclude>
	<ClInclude Include="game_data_manager.h">
	  <Filter>헤더 파일\Game</Filter>
	</ClInclude>
	<ClInclude Include="map_data.h">
	  <Filter>헤더 파일\Game</Filter>
	</ClInclude>
	<ClInclude Include="json_reader.h">
	  <Filter>헤더 파일\Game</Filter>
	</ClInclude>
	<ClInclude Include="player_level_game_data.h">
	  <Filter>헤더 파일\Game</Filter>
	</ClInclude>
	<ClInclude Include="weapon_data.h">
	  <Filter>헤더 파일\Game</Filter>
	</ClInclude>
    <ClInclude Include="game_bullet.h">
      <Filter>헤더 파일\Game</Filter>
    </ClInclude>
	<ClInclude Include="boss_intro_presentation.h">
	  <Filter>헤더 파일\Game</Filter>
	</ClInclude>
	<ClInclude Include="ingame_hud.h">
	  <Filter>헤더 파일\UI</Filter>
	</ClInclude>
	<ClInclude Include="ingame_menu_controller.h">
	  <Filter>헤더 파일\UI</Filter>
	</ClInclude>
	<ClInclude Include="weapon_audio.h">
	  <Filter>헤더 파일\Game</Filter>
	</ClInclude>
	<ClInclude Include="weapon_fire_controller.h">
	  <Filter>헤더 파일\Game</Filter>
	</ClInclude>
	<ClInclude Include="weapon_inventory.h">
	  <Filter>헤더 파일\Game</Filter>
	</ClInclude>
	<ClInclude Include="weapon_multishot_scheduler.h">
	  <Filter>헤더 파일\Game</Filter>
	</ClInclude>
	<ClInclude Include="weapon_upgrade_state.h">
	  <Filter>헤더 파일\Game</Filter>
	</ClInclude>
	<ClInclude Include="weapon_fire_strategy.h">
	  <Filter>헤더 파일\Game</Filter>
	</ClInclude>
	<ClInclude Include="weapon_magic_blade.h">
	  <Filter>헤더 파일\Game</Filter>
	</ClInclude>
	<ClInclude Include="weapon_projectile_factory.h">
	  <Filter>헤더 파일\Game</Filter>
	</ClInclude>
	<ClInclude Include="weapon_shotgun.h">
	  <Filter>헤더 파일\Game</Filter>
	</ClInclude>
	<ClInclude Include="weapon_strategy_factory.h">
	  <Filter>헤더 파일\Game</Filter>
	</ClInclude>
	<ClInclude Include="weapon_strategy_registry.h">
	  <Filter>헤더 파일\Game</Filter>
	</ClInclude>
    <ClInclude Include="game_damage_text.h">
      <Filter>헤더 파일\Game</Filter>
    </ClInclude>
    <ClInclude Include="enemy.h">
      <Filter>헤더 파일\Game</Filter>
    </ClInclude>
	<ClInclude Include="enemy_attack_pattern.h">
	  <Filter>헤더 파일\Game</Filter>
	</ClInclude>
    <ClInclude Include="effect.h">
      <Filter>헤더 파일\Game</Filter>
    </ClInclude>
    <ClInclude Include="game_effect.h">
      <Filter>헤더 파일\Game</Filter>
    </ClInclude>
    <ClInclude Include="game_enemy.h">
      <Filter>헤더 파일\Game</Filter>
    </ClInclude>
	<ClInclude Include="monster_data.h">
	  <Filter>헤더 파일\Game</Filter>
	</ClInclude>
	<ClInclude Include="game_experience_gem.h">
	  <Filter>헤더 파일\Game</Filter>
	</ClInclude>
	<ClInclude Include="game_healing_item.h">
	  <Filter>헤더 파일\Game</Filter>
	</ClInclude>
	<ClInclude Include="game_over_scene.h">
	  <Filter>헤더 파일\Scene</Filter>
	</ClInclude>
    <ClInclude Include="camera.h">
      <Filter>헤더 파일\Game</Filter>
    </ClInclude>
    <ClInclude Include="chain_lightning.h">
      <Filter>헤더 파일\Game</Filter>
    </ClInclude>
	<ClInclude Include="chest.h">
	  <Filter>헤더 파일\Game</Filter>
	</ClInclude>
	<ClInclude Include="round_portal.h">
	  <Filter>헤더 파일\Game</Filter>
	</ClInclude>
    <ClInclude Include="collision.h">
      <Filter>헤더 파일\Game</Filter>
    </ClInclude>
    <ClInclude Include="projectile.h">
      <Filter>헤더 파일\Game</Filter>
    </ClInclude>
    <ClInclude Include="singleton.h">
      <Filter>헤더 파일</Filter>
    </ClInclude>
    <ClInclude Include="scene.h">
      <Filter>헤더 파일\Game</Filter>
    </ClInclude>
    <ClInclude Include="scene_manager.h">
      <Filter>헤더 파일\Game</Filter>
    </ClInclude>
	<ClInclude Include="scene_factory.h">
	  <Filter>헤더 파일\Scene</Filter>
	</ClInclude>
    <ClInclude Include="trail.h">
      <Filter>헤더 파일\Game</Filter>
    </ClInclude>
    <ClInclude Include="Audio.h">
      <Filter>헤더 파일</Filter>
    </ClInclude>
	<ClInclude Include="blood.h">
	  <Filter>헤더 파일\Game</Filter>
	</ClInclude>
	<ClInclude Include="slime_goo.h">
	  <Filter>헤더 파일\Game</Filter>
	</ClInclude>
    <ClInclude Include="title_scene.h">
      <Filter>헤더 파일\Scene</Filter>
    </ClInclude>
    <ClInclude Include="ingame_scene.h">
      <Filter>헤더 파일\Scene</Filter>
    </ClInclude>
    <ClInclude Include="clear_scene.h">
      <Filter>헤더 파일\Scene</Filter>
    </ClInclude>
    <ClInclude Include="button.h">
      <Filter>헤더 파일\UI</Filter>
    </ClInclude>
    <ClInclude Include="time_stop_effect.h">
      <Filter>헤더 파일\Game</Filter>
    </ClInclude>
  </ItemGroup>
  <ItemGroup>
    <None Include="sprite_lighting.hlsli">
      <Filter>Shader</Filter>
    </None>
  </ItemGroup>
  <ItemGroup>
    <FxCompile Include="shader_vertex_2d.hlsl">
      <Filter>Shader</Filter>
    </FxCompile>
    <FxCompile Include="shader_pixel_2d.hlsl">
      <Filter>Shader</Filter>
    </FxCompile>
    <FxCompile Include="shader_vertex_instanced_2d.hlsl">
      <Filter>Shader</Filter>
    </FxCompile>
    <FxCompile Include="shader_pixel_instanced_2d.hlsl">
      <Filter>Shader</Filter>
    </FxCompile>
    <FxCompile Include="shader_pixel_lightning.hlsl">
      <Filter>Shader</Filter>
    </FxCompile>
    <FxCompile Include="shader_vertex_time_stop.hlsl">
      <Filter>Shader</Filter>
    </FxCompile>
    <FxCompile Include="shader_pixel_time_stop.hlsl">
      <Filter>Shader</Filter>
    </FxCompile>
  </ItemGroup>
</Project>
